
Microsoft Visual Studio Solution File, Format Version 12.00
# Visual Studio Version 17
VisualStudioVersion = 17.0.32126.317
MinimumVisualStudioVersion = 10.0.40219.1
Project("{9A19103F-16F7-4668-BE54-9A1E7A4F7556}") = "Converter", "ТРПО_лаба1\Converter.csproj", "{BB440E82-C0A6-4FE2-9A13-26C59D859558}"
EndProject
Global
	GlobalSection(SolutionConfigurationPlatforms) = preSolution
		Debug|Any CPU = Debug|Any CPU
		Release|Any CPU = Release|Any CPU
	EndGlobalSection
	GlobalSection(ProjectConfigurationPlatforms) = postSolution
		{BB440E82-C0A6-4FE2-9A13-26C59D859558}.Debug|Any CPU.ActiveCfg = Debug|Any CPU
		{BB440E82-C0A6-4FE2-9A13-26C59D859558}.Debug|Any CPU.Build.0 = Debug|Any CPU
		{BB440E82-C0A6-4FE2-9A13-26C59D859558}.Release|Any CPU.ActiveCfg = Release|Any CPU
		{BB440E82-C0A6-4FE2-9A13-26C59D859558}.Release|Any CPU.Build.0 = Release|Any CPU
	EndGlobalSection
	GlobalSection(SolutionProperties) = preSolution
		HideSolutionNode = FALSE
	EndGlobalSection
	GlobalSection(ExtensibilityGlobals) = postSolution
		SolutionGuid = {D774C59F-1A22-4C02-AE1E-2583475D5FBA}
	EndGlobalSection
EndGlobal
